
Microsoft Visual Studio Solution File, Format Version 12.00
# Visual Studio 2012
Project("{FAE04EC0-301F-11D3-BF4B-00C04F79EFBC}") = "CollocationChecker.Tests", "CollocationChecker.Tests\CollocationChecker.Tests.csproj", "{229BC2EA-C3B9-4254-8C8B-37809C5D0D06}"
EndProject
Project("{FAE04EC0-301F-11D3-BF4B-00C04F79EFBC}") = "CollocationChecker", "CollocationChecker\CollocationChecker.csproj", "{0B91D7B3-2279-4457-8B51-8649A3A5FDF7}"
EndProject
Global
	GlobalSection(SolutionConfigurationPlatforms) = preSolution
		Debug|Any CPU = Debug|Any CPU
		Release|Any CPU = Release|Any CPU
	EndGlobalSection
	GlobalSection(ProjectConfigurationPlatforms) = postSolution
		{229BC2EA-C3B9-4254-8C8B-37809C5D0D06}.Debug|Any CPU.ActiveCfg = Debug|Any CPU
		{229BC2EA-C3B9-4254-8C8B-37809C5D0D06}.Debug|Any CPU.Build.0 = Debug|Any CPU
		{229BC2EA-C3B9-4254-8C8B-37809C5D0D06}.Release|Any CPU.ActiveCfg = Release|Any CPU
		{229BC2EA-C3B9-4254-8C8B-37809C5D0D06}.Release|Any CPU.Build.0 = Release|Any CPU
		{0B91D7B3-2279-4457-8B51-8649A3A5FDF7}.Debug|Any CPU.ActiveCfg = Debug|Any CPU
		{0B91D7B3-2279-4457-8B51-8649A3A5FDF7}.Debug|Any CPU.Build.0 = Debug|Any CPU
		{0B91D7B3-2279-4457-8B51-8649A3A5FDF7}.Release|Any CPU.ActiveCfg = Release|Any CPU
		{0B91D7B3-2279-4457-8B51-8649A3A5FDF7}.Release|Any CPU.Build.0 = Release|Any CPU
	EndGlobalSection
	GlobalSection(SolutionProperties) = preSolution
		HideSolutionNode = FALSE
	EndGlobalSection
EndGlobal
